
Microsoft Visual Studio Solution File, Format Version 12.00
# Visual Studio Version 17
VisualStudioVersion = 17.1.32319.34
MinimumVisualStudioVersion = 10.0.40219.1
Project("{FAE04EC0-301F-11D3-BF4B-00C04F79EFBC}") = "P01PytanieNapisy", "P01PytanieNapisy\P01PytanieNapisy.csproj", "{54C02617-92F1-4EBB-8D61-6635490928F9}"
EndProject
Project("{FAE04EC0-301F-11D3-BF4B-00C04F79EFBC}") = "P02WlasneKlasy", "P02WlasneKlasy\P02WlasneKlasy.csproj", "{0F758063-04ED-4295-9195-9602A5E8CE1D}"
EndProject
Project("{FAE04EC0-301F-11D3-BF4B-00C04F79EFBC}") = "P03ZadanieKlasy", "P03ZadanieKlasy\P03ZadanieKlasy.csproj", "{A5CAF3AF-A2EB-4E0B-8493-E8007F94A478}"
EndProject
Project("{FAE04EC0-301F-11D3-BF4B-00C04F79EFBC}") = "P04ZadanieManagerTekstu", "P04ZadanieManagerTekstu\P04ZadanieManagerTekstu.csproj", "{2F3099D2-233D-4202-B85D-DDE14FA38223}"
EndProject
Project("{FAE04EC0-301F-11D3-BF4B-00C04F79EFBC}") = "P05ZadanieKalkulator", "P05ZadanieKalkulator\P05ZadanieKalkulator.csproj", "{B382554C-9E33-4567-AC8F-F55B9C019301}"
EndProject
Project("{FAE04EC0-301F-11D3-BF4B-00C04F79EFBC}") = "P06Enumeratory", "P06Enumeratory\P06Enumeratory.csproj", "{E1FA6797-2408-4799-806D-9583BEFA6039}"
EndProject
Project("{FAE04EC0-301F-11D3-BF4B-00C04F79EFBC}") = "P07Pola", "P07Pola\P07Pola.csproj", "{8E60BDF4-8FF9-45F4-A1C5-226F99E6DF00}"
EndProject
Project("{FAE04EC0-301F-11D3-BF4B-00C04F79EFBC}") = "P08PolaStatyczne", "P08PolaStatyczne\P08PolaStatyczne.csproj", "{831F7C36-3E3C-4BAE-BB69-836904971FA7}"
EndProject
Project("{FAE04EC0-301F-11D3-BF4B-00C04F79EFBC}") = "P09ZadaniePogoda", "P09ZadaniePogoda\P09ZadaniePogoda.csproj", "{C19DBCE3-ADA7-429A-8AE9-39CF575C7CB5}"
EndProject
Project("{FAE04EC0-301F-11D3-BF4B-00C04F79EFBC}") = "P10ZadaniePogodaWersjaAlternatywna", "P10ZadaniePogodaWersjaAlternatywna\P10ZadaniePogodaWersjaAlternatywna.csproj", "{748AEC54-DE4E-40C2-933F-23A50D901119}"
EndProject
Global
	GlobalSection(SolutionConfigurationPlatforms) = preSolution
		Debug|Any CPU = Debug|Any CPU
		Release|Any CPU = Release|Any CPU
	EndGlobalSection
	GlobalSection(ProjectConfigurationPlatforms) = postSolution
		{54C02617-92F1-4EBB-8D61-6635490928F9}.Debug|Any CPU.ActiveCfg = Debug|Any CPU
		{54C02617-92F1-4EBB-8D61-6635490928F9}.Debug|Any CPU.Build.0 = Debug|Any CPU
		{54C02617-92F1-4EBB-8D61-6635490928F9}.Release|Any CPU.ActiveCfg = Release|Any CPU
		{54C02617-92F1-4EBB-8D61-6635490928F9}.Release|Any CPU.Build.0 = Release|Any CPU
		{0F758063-04ED-4295-9195-9602A5E8CE1D}.Debug|Any CPU.ActiveCfg = Debug|Any CPU
		{0F758063-04ED-4295-9195-9602A5E8CE1D}.Debug|Any CPU.Build.0 = Debug|Any CPU
		{0F758063-04ED-4295-9195-9602A5E8CE1D}.Release|Any CPU.ActiveCfg = Release|Any CPU
		{0F758063-04ED-4295-9195-9602A5E8CE1D}.Release|Any CPU.Build.0 = Release|Any CPU
		{A5CAF3AF-A2EB-4E0B-8493-E8007F94A478}.Debug|Any CPU.ActiveCfg = Debug|Any CPU
		{A5CAF3AF-A2EB-4E0B-8493-E8007F94A478}.Debug|Any CPU.Build.0 = Debug|Any CPU
		{A5CAF3AF-A2EB-4E0B-8493-E8007F94A478}.Release|Any CPU.ActiveCfg = Release|Any CPU
		{A5CAF3AF-A2EB-4E0B-8493-E8007F94A478}.Release|Any CPU.Build.0 = Release|Any CPU
		{2F3099D2-233D-4202-B85D-DDE14FA38223}.Debug|Any CPU.ActiveCfg = Debug|Any CPU
		{2F3099D2-233D-4202-B85D-DDE14FA38223}.Debug|Any CPU.Build.0 = Debug|Any CPU
		{2F3099D2-233D-4202-B85D-DDE14FA38223}.Release|Any CPU.ActiveCfg = Release|Any CPU
		{2F3099D2-233D-4202-B85D-DDE14FA38223}.Release|Any CPU.Build.0 = Release|Any CPU
		{B382554C-9E33-4567-AC8F-F55B9C019301}.Debug|Any CPU.ActiveCfg = Debug|Any CPU
		{B382554C-9E33-4567-AC8F-F55B9C019301}.Debug|Any CPU.Build.0 = Debug|Any CPU
		{B382554C-9E33-4567-AC8F-F55B9C019301}.Release|Any CPU.ActiveCfg = Release|Any CPU
		{B382554C-9E33-4567-AC8F-F55B9C019301}.Release|Any CPU.Build.0 = Release|Any CPU
		{E1FA6797-2408-4799-806D-9583BEFA6039}.Debug|Any CPU.ActiveCfg = Debug|Any CPU
		{E1FA6797-2408-4799-806D-9583BEFA6039}.Debug|Any CPU.Build.0 = Debug|Any CPU
		{E1FA6797-2408-4799-806D-9583BEFA6039}.Release|Any CPU.ActiveCfg = Release|Any CPU
		{E1FA6797-2408-4799-806D-9583BEFA6039}.Release|Any CPU.Build.0 = Release|Any CPU
		{8E60BDF4-8FF9-45F4-A1C5-226F99E6DF00}.Debug|Any CPU.ActiveCfg = Debug|Any CPU
		{8E60BDF4-8FF9-45F4-A1C5-226F99E6DF00}.Debug|Any CPU.Build.0 = Debug|Any CPU
		{8E60BDF4-8FF9-45F4-A1C5-226F99E6DF00}.Release|Any CPU.ActiveCfg = Release|Any CPU
		{8E60BDF4-8FF9-45F4-A1C5-226F99E6DF00}.Release|Any CPU.Build.0 = Release|Any CPU
		{831F7C36-3E3C-4BAE-BB69-836904971FA7}.Debug|Any CPU.ActiveCfg = Debug|Any CPU
		{831F7C36-3E3C-4BAE-BB69-836904971FA7}.Debug|Any CPU.Build.0 = Debug|Any CPU
		{831F7C36-3E3C-4BAE-BB69-836904971FA7}.Release|Any CPU.ActiveCfg = Release|Any CPU
		{831F7C36-3E3C-4BAE-BB69-836904971FA7}.Release|Any CPU.Build.0 = Release|Any CPU
		{C19DBCE3-ADA7-429A-8AE9-39CF575C7CB5}.Debug|Any CPU.ActiveCfg = Debug|Any CPU
		{C19DBCE3-ADA7-429A-8AE9-39CF575C7CB5}.Debug|Any CPU.Build.0 = Debug|Any CPU
		{C19DBCE3-ADA7-429A-8AE9-39CF575C7CB5}.Release|Any CPU.ActiveCfg = Release|Any CPU
		{C19DBCE3-ADA7-429A-8AE9-39CF575C7CB5}.Release|Any CPU.Build.0 = Release|Any CPU
		{748AEC54-DE4E-40C2-933F-23A50D901119}.Debug|Any CPU.ActiveCfg = Debug|Any CPU
		{748AEC54-DE4E-40C2-933F-23A50D901119}.Debug|Any CPU.Build.0 = Debug|Any CPU
		{748AEC54-DE4E-40C2-933F-23A50D901119}.Release|Any CPU.ActiveCfg = Release|Any CPU
		{748AEC54-DE4E-40C2-933F-23A50D901119}.Release|Any CPU.Build.0 = Release|Any CPU
	EndGlobalSection
	GlobalSection(SolutionProperties) = preSolution
		HideSolutionNode = FALSE
	EndGlobalSection
	GlobalSection(ExtensibilityGlobals) = postSolution
		SolutionGuid = {2C7AD12E-3828-4D55-8A25-E6EFF1BB35BE}
	EndGlobalSection
EndGlobal
